
Microsoft Visual Studio Solution File, Format Version 12.00
# Visual Studio Version 16
VisualStudioVersion = 16.0.30114.105
MinimumVisualStudioVersion = 10.0.40219.1
Project("{2150E333-8FDC-42A3-9474-1A3956D46DE8}") = "App.One", "App.One", "{C1E22770-199F-4AFC-98DD-7AB3169E00B5}"
EndProject
Project("{FAE04EC0-301F-11D3-BF4B-00C04F79EFBC}") = "App.One", "App.One\App.One\App.One.csproj", "{782C092A-C821-457A-B9F4-F576FF2B5531}"
EndProject
Project("{FAE04EC0-301F-11D3-BF4B-00C04F79EFBC}") = "Lib.One", "Lib.One\Lib.One.csproj", "{FB02D249-7688-4921-9FB2-E4E36C584952}"
EndProject
Global
	GlobalSection(SolutionConfigurationPlatforms) = preSolution
		Debug|Any CPU = Debug|Any CPU
		Release|Any CPU = Release|Any CPU
	EndGlobalSection
	GlobalSection(SolutionProperties) = preSolution
		HideSolutionNode = FALSE
	EndGlobalSection
	GlobalSection(ProjectConfigurationPlatforms) = postSolution
		{782C092A-C821-457A-B9F4-F576FF2B5531}.Debug|Any CPU.ActiveCfg = Debug|Any CPU
		{782C092A-C821-457A-B9F4-F576FF2B5531}.Debug|Any CPU.Build.0 = Debug|Any CPU
		{782C092A-C821-457A-B9F4-F576FF2B5531}.Release|Any CPU.ActiveCfg = Release|Any CPU
		{782C092A-C821-457A-B9F4-F576FF2B5531}.Release|Any CPU.Build.0 = Release|Any CPU
		{FB02D249-7688-4921-9FB2-E4E36C584952}.Debug|Any CPU.ActiveCfg = Debug|Any CPU
		{FB02D249-7688-4921-9FB2-E4E36C584952}.Debug|Any CPU.Build.0 = Debug|Any CPU
		{FB02D249-7688-4921-9FB2-E4E36C584952}.Release|Any CPU.ActiveCfg = Release|Any CPU
		{FB02D249-7688-4921-9FB2-E4E36C584952}.Release|Any CPU.Build.0 = Release|Any CPU
	EndGlobalSection
	GlobalSection(NestedProjects) = preSolution
		{782C092A-C821-457A-B9F4-F576FF2B5531} = {C1E22770-199F-4AFC-98DD-7AB3169E00B5}
	EndGlobalSection
EndGlobal
